Microsoft Visual Studio Solution File, Format Version 11.00
# Visual Studio 2008

Project("{7C611576-A64E-8FE6-D707-5D53066EB0A3}") = "RotateCamera", "Assembly-CSharp.csproj", "{566CE141-B577-B858-C424-D30695E0685A}"
EndProject
Project("{7C611576-A64E-8FE6-D707-5D53066EB0A3}") = "RotateCamera", "Assembly-CSharp-Editor.csproj", "{978E62CB-952A-9497-A44D-1701F00E727C}"
EndProject
Global
	GlobalSection(SolutionConfigurationPlatforms) = preSolution
		Debug|Any CPU = Debug|Any CPU
		Release|Any CPU = Release|Any CPU
	EndGlobalSection
	GlobalSection(ProjectConfigurationPlatforms) = postSolution
		{566CE141-B577-B858-C424-D30695E0685A}.Debug|Any CPU.ActiveCfg = Debug|Any CPU
		{566CE141-B577-B858-C424-D30695E0685A}.Debug|Any CPU.Build.0 = Debug|Any CPU
		{566CE141-B577-B858-C424-D30695E0685A}.Release|Any CPU.ActiveCfg = Release|Any CPU
		{566CE141-B577-B858-C424-D30695E0685A}.Release|Any CPU.Build.0 = Release|Any CPU
		{978E62CB-952A-9497-A44D-1701F00E727C}.Debug|Any CPU.ActiveCfg = Debug|Any CPU
		{978E62CB-952A-9497-A44D-1701F00E727C}.Debug|Any CPU.Build.0 = Debug|Any CPU
		{978E62CB-952A-9497-A44D-1701F00E727C}.Release|Any CPU.ActiveCfg = Release|Any CPU
		{978E62CB-952A-9497-A44D-1701F00E727C}.Release|Any CPU.Build.0 = Release|Any CPU
	EndGlobalSection
	GlobalSection(SolutionProperties) = preSolution
		HideSolutionNode = FALSE
	EndGlobalSection
																																																	GlobalSection(MonoDevelopProperties) = preSolution
		StartupItem = Assembly-CSharp.csproj
		Policies = $0
		$0.TextStylePolicy = $1
		$1.inheritsSet = null
		$1.scope = text/x-csharp
		$0.CSharpFormattingPolicy = $2
		$2.inheritsSet = Mono
		$2.inheritsScope = text/x-csharp
		$2.scope = text/x-csharp
		$0.TextStylePolicy = $3
		$3.FileWidth = 120
		$3.TabWidth = 4
		$3.IndentWidth = 4
		$3.EolMarker = Unix
		$3.inheritsSet = Mono
		$3.inheritsScope = text/plain
		$3.scope = text/plain
	EndGlobalSection

EndGlobal
